
Microsoft Visual Studio Solution File, Format Version 12.00
# Visual Studio Version 16
VisualStudioVersion = 16.0.33214.272
MinimumVisualStudioVersion = 10.0.40219.1
Project("{FAE04EC0-301F-11D3-BF4B-00C04F79EFBC}") = "PaulsRomanNumerals", "PaulsRomanNumerals.csproj", "{40710F01-B339-4A27-BD21-C390EAF1F16A}"
EndProject
Project("{FAE04EC0-301F-11D3-BF4B-00C04F79EFBC}") = "RomanNumeral_Lib", "..\RomanNumeral\RomanNumeral_Lib.csproj", "{4476C190-AB99-46DE-84E2-CDE3285356EC}"
EndProject
Project("{54435603-DBB4-11D2-8724-00A0C9A8B90C}") = "RomanNumeralGenerator_Setup", "RomanNumeralGenerator_Setup\RomanNumeralGenerator_Setupd.vdproj", "{F0A6DA79-8096-4DCE-A0C5-D2A01F2440C7}"
EndProject
Global
	GlobalSection(SolutionConfigurationPlatforms) = preSolution
		Debug|Any CPU = Debug|Any CPU
		Release|Any CPU = Release|Any CPU
	EndGlobalSection
	GlobalSection(ProjectConfigurationPlatforms) = postSolution
		{40710F01-B339-4A27-BD21-C390EAF1F16A}.Debug|Any CPU.ActiveCfg = Debug|Any CPU
		{40710F01-B339-4A27-BD21-C390EAF1F16A}.Debug|Any CPU.Build.0 = Debug|Any CPU
		{40710F01-B339-4A27-BD21-C390EAF1F16A}.Release|Any CPU.ActiveCfg = Release|Any CPU
		{40710F01-B339-4A27-BD21-C390EAF1F16A}.Release|Any CPU.Build.0 = Release|Any CPU
		{4476C190-AB99-46DE-84E2-CDE3285356EC}.Debug|Any CPU.ActiveCfg = Debug|Any CPU
		{4476C190-AB99-46DE-84E2-CDE3285356EC}.Debug|Any CPU.Build.0 = Debug|Any CPU
		{4476C190-AB99-46DE-84E2-CDE3285356EC}.Release|Any CPU.ActiveCfg = Release|Any CPU
		{4476C190-AB99-46DE-84E2-CDE3285356EC}.Release|Any CPU.Build.0 = Release|Any CPU
		{F0A6DA79-8096-4DCE-A0C5-D2A01F2440C7}.Debug|Any CPU.ActiveCfg = Debug
		{F0A6DA79-8096-4DCE-A0C5-D2A01F2440C7}.Debug|Any CPU.Build.0 = Debug
		{F0A6DA79-8096-4DCE-A0C5-D2A01F2440C7}.Release|Any CPU.ActiveCfg = Release
		{F0A6DA79-8096-4DCE-A0C5-D2A01F2440C7}.Release|Any CPU.Build.0 = Release
	EndGlobalSection
	GlobalSection(SolutionProperties) = preSolution
		HideSolutionNode = FALSE
	EndGlobalSection
	GlobalSection(ExtensibilityGlobals) = postSolution
		SolutionGuid = {25665317-95BE-4613-88E8-96E79BD6B71B}
	EndGlobalSection
EndGlobal
